
Microsoft Visual Studio Solution File, Format Version 12.00
# Visual Studio Version 17
VisualStudioVersion = 17.2.32616.157
MinimumVisualStudioVersion = 10.0.40219.1
Project("{FAE04EC0-301F-11D3-BF4B-00C04F79EFBC}") = "NewCrabSS", "NewCrabSS\NewCrabSS.csproj", "{BFC66BA9-1838-470B-9140-B6DE4947AD23}"
EndProject
Global
	GlobalSection(SolutionConfigurationPlatforms) = preSolution
		Debug|Any CPU = Debug|Any CPU
		Release|Any CPU = Release|Any CPU
	EndGlobalSection
	GlobalSection(ProjectConfigurationPlatforms) = postSolution
		{BFC66BA9-1838-470B-9140-B6DE4947AD23}.Debug|Any CPU.ActiveCfg = Debug|Any CPU
		{BFC66BA9-1838-470B-9140-B6DE4947AD23}.Debug|Any CPU.Build.0 = Debug|Any CPU
		{BFC66BA9-1838-470B-9140-B6DE4947AD23}.Release|Any CPU.ActiveCfg = Release|Any CPU
		{BFC66BA9-1838-470B-9140-B6DE4947AD23}.Release|Any CPU.Build.0 = Release|Any CPU
	EndGlobalSection
	GlobalSection(SolutionProperties) = preSolution
		HideSolutionNode = FALSE
	EndGlobalSection
	GlobalSection(ExtensibilityGlobals) = postSolution
		SolutionGuid = {A6C7CF35-C3DC-40D9-BAB6-A53CCA72F46D}
	EndGlobalSection
EndGlobal
